
Microsoft Visual Studio Solution File, Format Version 12.00
# Visual Studio 14
VisualStudioVersion = 14.0.25420.1
MinimumVisualStudioVersion = 10.0.40219.1
Project("{FAE04EC0-301F-11D3-BF4B-00C04F79EFBC}") = "CarShop.Models", "CarShop.Models\CarShop.Models.csproj", "{EC92DDC3-104D-48C9-838E-C5A686BEBB0C}"
EndProject
Project("{FAE04EC0-301F-11D3-BF4B-00C04F79EFBC}") = "CarShop.DAL", "CarShop.DAL\CarShop.DAL.csproj", "{C9D18A94-E86E-4702-8C0B-A779F79DB775}"
EndProject
Project("{FAE04EC0-301F-11D3-BF4B-00C04F79EFBC}") = "CarShop.Services", "CarShop.Repository\CarShop.Services.csproj", "{05AB5A05-4743-4029-BB8A-64A68DEA068A}"
EndProject
Project("{FAE04EC0-301F-11D3-BF4B-00C04F79EFBC}") = "CarShop.Contracts", "CarShop.Contracts\CarShop.Contracts.csproj", "{6BF7417E-41EE-425F-8986-3947CFDC0CCE}"
EndProject
Project("{FAE04EC0-301F-11D3-BF4B-00C04F79EFBC}") = "CarShop.Tests", "CarShop.Tests\CarShop.Tests.csproj", "{D1F25217-DDB7-44A8-BD84-5DA6BF2A53D6}"
EndProject
Project("{2150E333-8FDC-42A3-9474-1A3956D46DE8}") = "git", "git", "{74DBDCD9-A5EB-4FCE-8F63-358A63860D6F}"
	ProjectSection(SolutionItems) = preProject
		.gitattributes = .gitattributes
		.gitignore = .gitignore
	EndProjectSection
EndProject
Project("{FAE04EC0-301F-11D3-BF4B-00C04F79EFBC}") = "CarShop.WebApp", "CarShop.WebApp\CarShop.WebApp.csproj", "{A0C4AC03-9E98-4788-BDA2-7ED0D0F00A6C}"
EndProject
Global
	GlobalSection(SolutionConfigurationPlatforms) = preSolution
		Debug|Any CPU = Debug|Any CPU
		Release|Any CPU = Release|Any CPU
	EndGlobalSection
	GlobalSection(ProjectConfigurationPlatforms) = postSolution
		{EC92DDC3-104D-48C9-838E-C5A686BEBB0C}.Debug|Any CPU.ActiveCfg = Debug|Any CPU
		{EC92DDC3-104D-48C9-838E-C5A686BEBB0C}.Debug|Any CPU.Build.0 = Debug|Any CPU
		{EC92DDC3-104D-48C9-838E-C5A686BEBB0C}.Release|Any CPU.ActiveCfg = Release|Any CPU
		{EC92DDC3-104D-48C9-838E-C5A686BEBB0C}.Release|Any CPU.Build.0 = Release|Any CPU
		{C9D18A94-E86E-4702-8C0B-A779F79DB775}.Debug|Any CPU.ActiveCfg = Debug|Any CPU
		{C9D18A94-E86E-4702-8C0B-A779F79DB775}.Debug|Any CPU.Build.0 = Debug|Any CPU
		{C9D18A94-E86E-4702-8C0B-A779F79DB775}.Release|Any CPU.ActiveCfg = Release|Any CPU
		{C9D18A94-E86E-4702-8C0B-A779F79DB775}.Release|Any CPU.Build.0 = Release|Any CPU
		{05AB5A05-4743-4029-BB8A-64A68DEA068A}.Debug|Any CPU.ActiveCfg = Debug|Any CPU
		{05AB5A05-4743-4029-BB8A-64A68DEA068A}.Debug|Any CPU.Build.0 = Debug|Any CPU
		{05AB5A05-4743-4029-BB8A-64A68DEA068A}.Release|Any CPU.ActiveCfg = Release|Any CPU
		{05AB5A05-4743-4029-BB8A-64A68DEA068A}.Release|Any CPU.Build.0 = Release|Any CPU
		{6BF7417E-41EE-425F-8986-3947CFDC0CCE}.Debug|Any CPU.ActiveCfg = Debug|Any CPU
		{6BF7417E-41EE-425F-8986-3947CFDC0CCE}.Debug|Any CPU.Build.0 = Debug|Any CPU
		{6BF7417E-41EE-425F-8986-3947CFDC0CCE}.Release|Any CPU.ActiveCfg = Release|Any CPU
		{6BF7417E-41EE-425F-8986-3947CFDC0CCE}.Release|Any CPU.Build.0 = Release|Any CPU
		{D1F25217-DDB7-44A8-BD84-5DA6BF2A53D6}.Debug|Any CPU.ActiveCfg = Debug|Any CPU
		{D1F25217-DDB7-44A8-BD84-5DA6BF2A53D6}.Debug|Any CPU.Build.0 = Debug|Any CPU
		{D1F25217-DDB7-44A8-BD84-5DA6BF2A53D6}.Release|Any CPU.ActiveCfg = Release|Any CPU
		{D1F25217-DDB7-44A8-BD84-5DA6BF2A53D6}.Release|Any CPU.Build.0 = Release|Any CPU
		{A0C4AC03-9E98-4788-BDA2-7ED0D0F00A6C}.Debug|Any CPU.ActiveCfg = Debug|Any CPU
		{A0C4AC03-9E98-4788-BDA2-7ED0D0F00A6C}.Debug|Any CPU.Build.0 = Debug|Any CPU
		{A0C4AC03-9E98-4788-BDA2-7ED0D0F00A6C}.Release|Any CPU.ActiveCfg = Release|Any CPU
		{A0C4AC03-9E98-4788-BDA2-7ED0D0F00A6C}.Release|Any CPU.Build.0 = Release|Any CPU
	EndGlobalSection
	GlobalSection(SolutionProperties) = preSolution
		HideSolutionNode = FALSE
	EndGlobalSection
EndGlobal
